// !$*UTF8*$!
{
	archiveVersion = 1;
	classes = {
	};
	objectVersion = 46;
	objects = {

/* Begin PBXBuildFile section */
		7165713B1DC4B11100C3CB94 /* CDTableAdapter.m in Sources */ = {isa = PBXBuildFile; fileRef = 7165713A1DC4B11100C3CB94 /* CDTableAdapter.m */; };
		716571461DC4C58800C3CB94 /* MainViewController.m in Sources */ = {isa = PBXBuildFile; fileRef = 716571451DC4C58800C3CB94 /* MainViewController.m */; };
		716571491DC4C96E00C3CB94 /* MainControllerViewModel.m in Sources */ = {isa = PBXBuildFile; fileRef = 716571481DC4C96E00C3CB94 /* MainControllerViewModel.m */; };
		718165391DC0EDC100C5253E /* DataManager.m in Sources */ = {isa = PBXBuildFile; fileRef = 718165381DC0EDC100C5253E /* DataManager.m */; };
		7181653B1DC0F1E000C5253E /* CoreData.framework in Frameworks */ = {isa = PBXBuildFile; fileRef = 7181653A1DC0F1E000C5253E /* CoreData.framework */; };
		7181653F1DC115AF00C5253E /* ItemModel.m in Sources */ = {isa = PBXBuildFile; fileRef = 7181653E1DC115AF00C5253E /* ItemModel.m */; };
		71EE74C81DC0BA3C00B03AC2 /* main.m in Sources */ = {isa = PBXBuildFile; fileRef = 71EE74C71DC0BA3C00B03AC2 /* main.m */; };
		71EE74CB1DC0BA3C00B03AC2 /* AppDelegate.m in Sources */ = {isa = PBXBuildFile; fileRef = 71EE74CA1DC0BA3C00B03AC2 /* AppDelegate.m */; };
		71EE74D11DC0BA3C00B03AC2 /* Main.storyboard in Resources */ = {isa = PBXBuildFile; fileRef = 71EE74CF1DC0BA3C00B03AC2 /* Main.storyboard */; };
		71EE74D41DC0BA3C00B03AC2 /* lTechApp.xcdatamodeld in Sources */ = {isa = PBXBuildFile; fileRef = 71EE74D21DC0BA3C00B03AC2 /* lTechApp.xcdatamodeld */; };
		71EE74D61DC0BA3C00B03AC2 /* Assets.xcassets in Resources */ = {isa = PBXBuildFile; fileRef = 71EE74D51DC0BA3C00B03AC2 /* Assets.xcassets */; };
		71EE74D91DC0BA3C00B03AC2 /* LaunchScreen.storyboard in Resources */ = {isa = PBXBuildFile; fileRef = 71EE74D71DC0BA3C00B03AC2 /* LaunchScreen.storyboard */; };
		71EE74F11DC0CD6A00B03AC2 /* Endpoints.m in Sources */ = {isa = PBXBuildFile; fileRef = 71EE74F01DC0CD6A00B03AC2 /* Endpoints.m */; };
		71EE74F41DC0CD7700B03AC2 /* NetworkInterface.m in Sources */ = {isa = PBXBuildFile; fileRef = 71EE74F31DC0CD7700B03AC2 /* NetworkInterface.m */; };
		71EE74F71DC0CF5800B03AC2 /* UIColor+Custom.m in Sources */ = {isa = PBXBuildFile; fileRef = 71EE74F61DC0CF5800B03AC2 /* UIColor+Custom.m */; };
		71EE74FA1DC0CF6700B03AC2 /* UIFont+Custom.m in Sources */ = {isa = PBXBuildFile; fileRef = 71EE74F91DC0CF6700B03AC2 /* UIFont+Custom.m */; };
		71EE74FD1DC0DD1300B03AC2 /* ApiManager.m in Sources */ = {isa = PBXBuildFile; fileRef = 71EE74FC1DC0DD1300B03AC2 /* ApiManager.m */; };
		75775297D08E53A6FFB06D21 /* libPods-lTechApp.a in Frameworks */ = {isa = PBXBuildFile; fileRef = 789344CA44AF689727B3CA11 /* libPods-lTechApp.a */; };
/* End PBXBuildFile section */

/* Begin PBXFileReference section */
		3A6667BC133F9A9F879D61AC /* Pods-lTechApp.debug.xcconfig */ = {isa = PBXFileReference; includeInIndex = 1; lastKnownFileType = text.xcconfig; name = "Pods-lTechApp.debug.xcconfig"; path = "Pods/Target Support Files/Pods-lTechApp/Pods-lTechApp.debug.xcconfig"; sourceTree = "<group>"; };
		716571391DC4B11100C3CB94 /* CDTableAdapter.h */ = {isa = PBXFileReference; fileEncoding = 4; lastKnownFileType = sourcecode.c.h; path = CDTableAdapter.h; sourceTree = "<group>"; };
		7165713A1DC4B11100C3CB94 /* CDTableAdapter.m */ = {isa = PBXFileReference; fileEncoding = 4; lastKnownFileType = sourcecode.c.objc; path = CDTableAdapter.m; sourceTree = "<group>"; };
		7165713D1DC4B25300C3CB94 /* CDBaseViewModel.h */ = {isa = PBXFileReference; lastKnownFileType = sourcecode.c.h; path = CDBaseViewModel.h; sourceTree = "<group>"; };
		7165713E1DC4B25300C3CB94 /* CEReactiveView.h */ = {isa = PBXFileReference; lastKnownFileType = sourcecode.c.h; path = CEReactiveView.h; sourceTree = "<group>"; };
		7165713F1DC4B25300C3CB94 /* VMHeightProtocol.h */ = {isa = PBXFileReference; lastKnownFileType = sourcecode.c.h; path = VMHeightProtocol.h; sourceTree = "<group>"; };
		716571401DC4B46D00C3CB94 /* CDCellSizerProtocol.h */ = {isa = PBXFileReference; lastKnownFileType = sourcecode.c.h; path = CDCellSizerProtocol.h; sourceTree = "<group>"; };
		716571441DC4C58800C3CB94 /* MainViewController.h */ = {isa = PBXFileReference; fileEncoding = 4; lastKnownFileType = sourcecode.c.h; path = MainViewController.h; sourceTree = "<group>"; };
		716571451DC4C58800C3CB94 /* MainViewController.m */ = {isa = PBXFileReference; fileEncoding = 4; lastKnownFileType = sourcecode.c.objc; path = MainViewController.m; sourceTree = "<group>"; };
		716571471DC4C96E00C3CB94 /* MainControllerViewModel.h */ = {isa = PBXFileReference; fileEncoding = 4; lastKnownFileType = sourcecode.c.h; path = MainControllerViewModel.h; sourceTree = "<group>"; };
		716571481DC4C96E00C3CB94 /* MainControllerViewModel.m */ = {isa = PBXFileReference; fileEncoding = 4; lastKnownFileType = sourcecode.c.objc; path = MainControllerViewModel.m; sourceTree = "<group>"; };
		718165371DC0EDC100C5253E /* DataManager.h */ = {isa = PBXFileReference; fileEncoding = 4; lastKnownFileType = sourcecode.c.h; path = DataManager.h; sourceTree = "<group>"; };
		718165381DC0EDC100C5253E /* DataManager.m */ = {isa = PBXFileReference; fileEncoding = 4; lastKnownFileType = sourcecode.c.objc; path = DataManager.m; sourceTree = "<group>"; };
		7181653A1DC0F1E000C5253E /* CoreData.framework */ = {isa = PBXFileReference; lastKnownFileType = wrapper.framework; name = CoreData.framework; path = System/Library/Frameworks/CoreData.framework; sourceTree = SDKROOT; };
		7181653D1DC115AF00C5253E /* ItemModel.h */ = {isa = PBXFileReference; fileEncoding = 4; lastKnownFileType = sourcecode.c.h; path = ItemModel.h; sourceTree = "<group>"; };
		7181653E1DC115AF00C5253E /* ItemModel.m */ = {isa = PBXFileReference; fileEncoding = 4; lastKnownFileType = sourcecode.c.objc; path = ItemModel.m; sourceTree = "<group>"; };
		71EE74C31DC0BA3B00B03AC2 /* lTechApp.app */ = {isa = PBXFileReference; explicitFileType = wrapper.application; includeInIndex = 0; path = lTechApp.app; sourceTree = BUILT_PRODUCTS_DIR; };
		71EE74C71DC0BA3C00B03AC2 /* main.m */ = {isa = PBXFileReference; lastKnownFileType = sourcecode.c.objc; path = main.m; sourceTree = "<group>"; };
		71EE74C91DC0BA3C00B03AC2 /* AppDelegate.h */ = {isa = PBXFileReference; lastKnownFileType = sourcecode.c.h; path = AppDelegate.h; sourceTree = "<group>"; };
		71EE74CA1DC0BA3C00B03AC2 /* AppDelegate.m */ = {isa = PBXFileReference; lastKnownFileType = sourcecode.c.objc; path = AppDelegate.m; sourceTree = "<group>"; };
		71EE74D01DC0BA3C00B03AC2 /* Base */ = {isa = PBXFileReference; lastKnownFileType = file.storyboard; name = Base; path = Base.lproj/Main.storyboard; sourceTree = "<group>"; };
		71EE74D31DC0BA3C00B03AC2 /* lTechApp.xcdatamodel */ = {isa = PBXFileReference; lastKnownFileType = wrapper.xcdatamodel; path = lTechApp.xcdatamodel; sourceTree = "<group>"; };
		71EE74D51DC0BA3C00B03AC2 /* Assets.xcassets */ = {isa = PBXFileReference; lastKnownFileType = folder.assetcatalog; path = Assets.xcassets; sourceTree = "<group>"; };
		71EE74D81DC0BA3C00B03AC2 /* Base */ = {isa = PBXFileReference; lastKnownFileType = file.storyboard; name = Base; path = Base.lproj/LaunchScreen.storyboard; sourceTree = "<group>"; };
		71EE74DA1DC0BA3C00B03AC2 /* Info.plist */ = {isa = PBXFileReference; lastKnownFileType = text.plist.xml; path = Info.plist; sourceTree = "<group>"; };
		71EE74E11DC0C78000B03AC2 /* prefix.pch */ = {isa = PBXFileReference; lastKnownFileType = sourcecode.c.h; path = prefix.pch; sourceTree = "<group>"; };
		71EE74E31DC0C9D700B03AC2 /* Constants.h */ = {isa = PBXFileReference; fileEncoding = 4; lastKnownFileType = sourcecode.c.h; path = Constants.h; sourceTree = "<group>"; };
		71EE74EF1DC0CD6A00B03AC2 /* Endpoints.h */ = {isa = PBXFileReference; fileEncoding = 4; lastKnownFileType = sourcecode.c.h; path = Endpoints.h; sourceTree = "<group>"; };
		71EE74F01DC0CD6A00B03AC2 /* Endpoints.m */ = {isa = PBXFileReference; fileEncoding = 4; lastKnownFileType = sourcecode.c.objc; path = Endpoints.m; sourceTree = "<group>"; };
		71EE74F21DC0CD7700B03AC2 /* NetworkInterface.h */ = {isa = PBXFileReference; fileEncoding = 4; lastKnownFileType = sourcecode.c.h; path = NetworkInterface.h; sourceTree = "<group>"; };
		71EE74F31DC0CD7700B03AC2 /* NetworkInterface.m */ = {isa = PBXFileReference; fileEncoding = 4; lastKnownFileType = sourcecode.c.objc; path = NetworkInterface.m; sourceTree = "<group>"; };
		71EE74F51DC0CF5800B03AC2 /* UIColor+Custom.h */ = {isa = PBXFileReference; fileEncoding = 4; lastKnownFileType = sourcecode.c.h; path = "UIColor+Custom.h"; sourceTree = "<group>"; };
		71EE74F61DC0CF5800B03AC2 /* UIColor+Custom.m */ = {isa = PBXFileReference; fileEncoding = 4; lastKnownFileType = sourcecode.c.objc; path = "UIColor+Custom.m"; sourceTree = "<group>"; };
		71EE74F81DC0CF6700B03AC2 /* UIFont+Custom.h */ = {isa = PBXFileReference; fileEncoding = 4; lastKnownFileType = sourcecode.c.h; path = "UIFont+Custom.h"; sourceTree = "<group>"; };
		71EE74F91DC0CF6700B03AC2 /* UIFont+Custom.m */ = {isa = PBXFileReference; fileEncoding = 4; lastKnownFileType = sourcecode.c.objc; path = "UIFont+Custom.m"; sourceTree = "<group>"; };
		71EE74FB1DC0DD1300B03AC2 /* ApiManager.h */ = {isa = PBXFileReference; fileEncoding = 4; lastKnownFileType = sourcecode.c.h; name = ApiManager.h; path = ../Model/ApiManager.h; sourceTree = "<group>"; };
		71EE74FC1DC0DD1300B03AC2 /* ApiManager.m */ = {isa = PBXFileReference; fileEncoding = 4; lastKnownFileType = sourcecode.c.objc; name = ApiManager.m; path = ../Model/ApiManager.m; sourceTree = "<group>"; };
		789344CA44AF689727B3CA11 /* libPods-lTechApp.a */ = {isa = PBXFileReference; explicitFileType = archive.ar; includeInIndex = 0; path = "libPods-lTechApp.a"; sourceTree = BUILT_PRODUCTS_DIR; };
		D3CABAAB038DD5C4BEBCCF67 /* Pods-lTechApp.release.xcconfig */ = {isa = PBXFileReference; includeInIndex = 1; lastKnownFileType = text.xcconfig; name = "Pods-lTechApp.release.xcconfig"; path = "Pods/Target Support Files/Pods-lTechApp/Pods-lTechApp.release.xcconfig"; sourceTree = "<group>"; };
/* End PBXFileReference section */

/* Begin PBXFrameworksBuildPhase section */
		71EE74C01DC0BA3B00B03AC2 /* Frameworks */ = {
			isa = PBXFrameworksBuildPhase;
			buildActionMask = 2147483647;
			files = (
				7181653B1DC0F1E000C5253E /* CoreData.framework in Frameworks */,
				75775297D08E53A6FFB06D21 /* libPods-lTechApp.a in Frameworks */,
			);
			runOnlyForDeploymentPostprocessing = 0;
		};
/* End PBXFrameworksBuildPhase section */

/* Begin PBXGroup section */
		54572AC7D823D81FC0E1A855 /* Frameworks */ = {
			isa = PBXGroup;
			children = (
				7181653A1DC0F1E000C5253E /* CoreData.framework */,
				789344CA44AF689727B3CA11 /* libPods-lTechApp.a */,
			);
			name = Frameworks;
			sourceTree = "<group>";
		};
		716571381DC4B10800C3CB94 /* CDRGeneral */ = {
			isa = PBXGroup;
			children = (
				716571391DC4B11100C3CB94 /* CDTableAdapter.h */,
				7165713A1DC4B11100C3CB94 /* CDTableAdapter.m */,
			);
			path = CDRGeneral;
			sourceTree = "<group>";
		};
		7165713C1DC4B21500C3CB94 /* Protocols */ = {
			isa = PBXGroup;
			children = (
				716571401DC4B46D00C3CB94 /* CDCellSizerProtocol.h */,
				7165713D1DC4B25300C3CB94 /* CDBaseViewModel.h */,
				7165713E1DC4B25300C3CB94 /* CEReactiveView.h */,
				7165713F1DC4B25300C3CB94 /* VMHeightProtocol.h */,
			);
			path = Protocols;
			sourceTree = "<group>";
		};
		716571411DC4C4B000C3CB94 /* Cells */ = {
			isa = PBXGroup;
			children = (
			);
			path = Cells;
			sourceTree = "<group>";
		};
		716571421DC4C4E900C3CB94 /* MainController */ = {
			isa = PBXGroup;
			children = (
				716571441DC4C58800C3CB94 /* MainViewController.h */,
				716571451DC4C58800C3CB94 /* MainViewController.m */,
				716571471DC4C96E00C3CB94 /* MainControllerViewModel.h */,
				716571481DC4C96E00C3CB94 /* MainControllerViewModel.m */,
			);
			path = MainController;
			sourceTree = "<group>";
		};
		716571431DC4C4EE00C3CB94 /* DetailController */ = {
			isa = PBXGroup;
			children = (
			);
			path = DetailController;
			sourceTree = "<group>";
		};
		71EE74BA1DC0BA3B00B03AC2 = {
			isa = PBXGroup;
			children = (
				71EE74C51DC0BA3C00B03AC2 /* lTechApp */,
				71EE74C41DC0BA3B00B03AC2 /* Products */,
				7AF430D5D9C0E0DD35BC8CC7 /* Pods */,
				54572AC7D823D81FC0E1A855 /* Frameworks */,
			);
			sourceTree = "<group>";
		};
		71EE74C41DC0BA3B00B03AC2 /* Products */ = {
			isa = PBXGroup;
			children = (
				71EE74C31DC0BA3B00B03AC2 /* lTechApp.app */,
			);
			name = Products;
			sourceTree = "<group>";
		};
		71EE74C51DC0BA3C00B03AC2 /* lTechApp */ = {
			isa = PBXGroup;
			children = (
				71EE74EE1DC0CD5800B03AC2 /* API */,
				71EE74EC1DC0CAAF00B03AC2 /* Delegate */,
				71EE74E91DC0CA8D00B03AC2 /* Controller */,
				71EE74EA1DC0CA8D00B03AC2 /* Model */,
				71EE74EB1DC0CA8D00B03AC2 /* Views */,
				71EE74E21DC0C9C700B03AC2 /* Base */,
				71EE74C91DC0BA3C00B03AC2 /* AppDelegate.h */,
				71EE74CA1DC0BA3C00B03AC2 /* AppDelegate.m */,
				71EE74E11DC0C78000B03AC2 /* prefix.pch */,
				71EE74DA1DC0BA3C00B03AC2 /* Info.plist */,
				71EE74D21DC0BA3C00B03AC2 /* lTechApp.xcdatamodeld */,
				71EE74D51DC0BA3C00B03AC2 /* Assets.xcassets */,
				71EE74C61DC0BA3C00B03AC2 /* Supporting Files */,
			);
			path = lTechApp;
			sourceTree = "<group>";
		};
		71EE74C61DC0BA3C00B03AC2 /* Supporting Files */ = {
			isa = PBXGroup;
			children = (
				71EE74C71DC0BA3C00B03AC2 /* main.m */,
			);
			name = "Supporting Files";
			sourceTree = "<group>";
		};
		71EE74E21DC0C9C700B03AC2 /* Base */ = {
			isa = PBXGroup;
			children = (
				7165713C1DC4B21500C3CB94 /* Protocols */,
				716571381DC4B10800C3CB94 /* CDRGeneral */,
				71EE74E81DC0CA6100B03AC2 /* Categories */,
				71EE74E31DC0C9D700B03AC2 /* Constants.h */,
			);
			path = Base;
			sourceTree = "<group>";
		};
		71EE74E81DC0CA6100B03AC2 /* Categories */ = {
			isa = PBXGroup;
			children = (
				71EE74F51DC0CF5800B03AC2 /* UIColor+Custom.h */,
				71EE74F61DC0CF5800B03AC2 /* UIColor+Custom.m */,
				71EE74F81DC0CF6700B03AC2 /* UIFont+Custom.h */,
				71EE74F91DC0CF6700B03AC2 /* UIFont+Custom.m */,
			);
			path = Categories;
			sourceTree = "<group>";
		};
		71EE74E91DC0CA8D00B03AC2 /* Controller */ = {
			isa = PBXGroup;
			children = (
				716571431DC4C4EE00C3CB94 /* DetailController */,
				716571421DC4C4E900C3CB94 /* MainController */,
			);
			path = Controller;
			sourceTree = "<group>";
		};
		71EE74EA1DC0CA8D00B03AC2 /* Model */ = {
			isa = PBXGroup;
			children = (
				718165371DC0EDC100C5253E /* DataManager.h */,
				718165381DC0EDC100C5253E /* DataManager.m */,
				7181653D1DC115AF00C5253E /* ItemModel.h */,
				7181653E1DC115AF00C5253E /* ItemModel.m */,
			);
			path = Model;
			sourceTree = "<group>";
		};
		71EE74EB1DC0CA8D00B03AC2 /* Views */ = {
			isa = PBXGroup;
			children = (
				716571411DC4C4B000C3CB94 /* Cells */,
				71EE74D71DC0BA3C00B03AC2 /* LaunchScreen.storyboard */,
				71EE74CF1DC0BA3C00B03AC2 /* Main.storyboard */,
			);
			name = Views;
			path = View;
			sourceTree = "<group>";
		};
		71EE74EC1DC0CAAF00B03AC2 /* Delegate */ = {
			isa = PBXGroup;
			children = (
			);
			path = Delegate;
			sourceTree = "<group>";
		};
		71EE74EE1DC0CD5800B03AC2 /* API */ = {
			isa = PBXGroup;
			children = (
				71EE74FB1DC0DD1300B03AC2 /* ApiManager.h */,
				71EE74FC1DC0DD1300B03AC2 /* ApiManager.m */,
				71EE74EF1DC0CD6A00B03AC2 /* Endpoints.h */,
				71EE74F01DC0CD6A00B03AC2 /* Endpoints.m */,
				71EE74F21DC0CD7700B03AC2 /* NetworkInterface.h */,
				71EE74F31DC0CD7700B03AC2 /* NetworkInterface.m */,
			);
			path = API;
			sourceTree = "<group>";
		};
		7AF430D5D9C0E0DD35BC8CC7 /* Pods */ = {
			isa = PBXGroup;
			children = (
				3A6667BC133F9A9F879D61AC /* Pods-lTechApp.debug.xcconfig */,
				D3CABAAB038DD5C4BEBCCF67 /* Pods-lTechApp.release.xcconfig */,
			);
			name = Pods;
			sourceTree = "<group>";
		};
/* End PBXGroup section */

/* Begin PBXNativeTarget section */
		71EE74C21DC0BA3B00B03AC2 /* lTechApp */ = {
			isa = PBXNativeTarget;
			buildConfigurationList = 71EE74DD1DC0BA3C00B03AC2 /* Build configuration list for PBXNativeTarget "lTechApp" */;
			buildPhases = (
				9198E2F7183DF508B1D27E87 /* [CP] Check Pods Manifest.lock */,
				71EE74BF1DC0BA3B00B03AC2 /* Sources */,
				71EE74C01DC0BA3B00B03AC2 /* Frameworks */,
				71EE74C11DC0BA3B00B03AC2 /* Resources */,
				6EBEF142646E19147F02FB95 /* [CP] Embed Pods Frameworks */,
				02F22D8D0571BD98E4FE5F40 /* [CP] Copy Pods Resources */,
			);
			buildRules = (
			);
			dependencies = (
			);
			name = lTechApp;
			productName = lTechApp;
			productReference = 71EE74C31DC0BA3B00B03AC2 /* lTechApp.app */;
			productType = "com.apple.product-type.application";
		};
/* End PBXNativeTarget section */

/* Begin PBXProject section */
		71EE74BB1DC0BA3B00B03AC2 /* Project object */ = {
			isa = PBXProject;
			attributes = {
				LastUpgradeCheck = 0730;
				ORGANIZATIONNAME = home;
				TargetAttributes = {
					71EE74C21DC0BA3B00B03AC2 = {
						CreatedOnToolsVersion = 7.3.1;
					};
				};
			};
			buildConfigurationList = 71EE74BE1DC0BA3B00B03AC2 /* Build configuration list for PBXProject "lTechApp" */;
			compatibilityVersion = "Xcode 3.2";
			developmentRegion = English;
			hasScannedForEncodings = 0;
			knownRegions = (
				en,
				Base,
			);
			mainGroup = 71EE74BA1DC0BA3B00B03AC2;
			productRefGroup = 71EE74C41DC0BA3B00B03AC2 /* Products */;
			projectDirPath = "";
			projectRoot = "";
			targets = (
				71EE74C21DC0BA3B00B03AC2 /* lTechApp */,
			);
		};
/* End PBXProject section */

/* Begin PBXResourcesBuildPhase section */
		71EE74C11DC0BA3B00B03AC2 /* Resources */ = {
			isa = PBXResourcesBuildPhase;
			buildActionMask = 2147483647;
			files = (
				71EE74D91DC0BA3C00B03AC2 /* LaunchScreen.storyboard in Resources */,
				71EE74D61DC0BA3C00B03AC2 /* Assets.xcassets in Resources */,
				71EE74D11DC0BA3C00B03AC2 /* Main.storyboard in Resources */,
			);
			runOnlyForDeploymentPostprocessing = 0;
		};
/* End PBXResourcesBuildPhase section */

/* Begin PBXShellScriptBuildPhase section */
		02F22D8D0571BD98E4FE5F40 /* [CP] Copy Pods Resources */ = {
			isa = PBXShellScriptBuildPhase;
			buildActionMask = 2147483647;
			files = (
			);
			inputPaths = (
			);
			name = "[CP] Copy Pods Resources";
			outputPaths = (
			);
			runOnlyForDeploymentPostprocessing = 0;
			shellPath = /bin/sh;
			shellScript = "\"${SRCROOT}/Pods/Target Support Files/Pods-lTechApp/Pods-lTechApp-resources.sh\"\n";
			showEnvVarsInLog = 0;
		};
		6EBEF142646E19147F02FB95 /* [CP] Embed Pods Frameworks */ = {
			isa = PBXShellScriptBuildPhase;
			buildActionMask = 2147483647;
			files = (
			);
			inputPaths = (
			);
			name = "[CP] Embed Pods Frameworks";
			outputPaths = (
			);
			runOnlyForDeploymentPostprocessing = 0;
			shellPath = /bin/sh;
			shellScript = "\"${SRCROOT}/Pods/Target Support Files/Pods-lTechApp/Pods-lTechApp-frameworks.sh\"\n";
			showEnvVarsInLog = 0;
		};
		9198E2F7183DF508B1D27E87 /* [CP] Check Pods Manifest.lock */ = {
			isa = PBXShellScriptBuildPhase;
			buildActionMask = 2147483647;
			files = (
			);
			inputPaths = (
			);
			name = "[CP] Check Pods Manifest.lock";
			outputPaths = (
			);
			runOnlyForDeploymentPostprocessing = 0;
			shellPath = /bin/sh;
			shellScript = "diff \"${PODS_ROOT}/../Podfile.lock\" \"${PODS_ROOT}/Manifest.lock\" > /dev/null\nif [[ $? != 0 ]] ; then\n    cat << EOM\nerror: The sandbox is not in sync with the Podfile.lock. Run 'pod install' or update your CocoaPods installation.\nEOM\n    exit 1\nfi\n";
			showEnvVarsInLog = 0;
		};
/* End PBXShellScriptBuildPhase section */

/* Begin PBXSourcesBuildPhase section */
		71EE74BF1DC0BA3B00B03AC2 /* Sources */ = {
			isa = PBXSourcesBuildPhase;
			buildActionMask = 2147483647;
			files = (
				71EE74CB1DC0BA3C00B03AC2 /* AppDelegate.m in Sources */,
				71EE74D41DC0BA3C00B03AC2 /* lTechApp.xcdatamodeld in Sources */,
				71EE74F11DC0CD6A00B03AC2 /* Endpoints.m in Sources */,
				71EE74FA1DC0CF6700B03AC2 /* UIFont+Custom.m in Sources */,
				71EE74F41DC0CD7700B03AC2 /* NetworkInterface.m in Sources */,
				71EE74FD1DC0DD1300B03AC2 /* ApiManager.m in Sources */,
				7181653F1DC115AF00C5253E /* ItemModel.m in Sources */,
				716571461DC4C58800C3CB94 /* MainViewController.m in Sources */,
				71EE74F71DC0CF5800B03AC2 /* UIColor+Custom.m in Sources */,
				718165391DC0EDC100C5253E /* DataManager.m in Sources */,
				716571491DC4C96E00C3CB94 /* MainControllerViewModel.m in Sources */,
				7165713B1DC4B11100C3CB94 /* CDTableAdapter.m in Sources */,
				71EE74C81DC0BA3C00B03AC2 /* main.m in Sources */,
			);
			runOnlyForDeploymentPostprocessing = 0;
		};
/* End PBXSourcesBuildPhase section */

/* Begin PBXVariantGroup section */
		71EE74CF1DC0BA3C00B03AC2 /* Main.storyboard */ = {
			isa = PBXVariantGroup;
			children = (
				71EE74D01DC0BA3C00B03AC2 /* Base */,
			);
			name = Main.storyboard;
			path = ..;
			sourceTree = "<group>";
		};
		71EE74D71DC0BA3C00B03AC2 /* LaunchScreen.storyboard */ = {
			isa = PBXVariantGroup;
			children = (
				71EE74D81DC0BA3C00B03AC2 /* Base */,
			);
			name = LaunchScreen.storyboard;
			path = ..;
			sourceTree = "<group>";
		};
/* End PBXVariantGroup section */

/* Begin XCBuildConfiguration section */
		71EE74DB1DC0BA3C00B03AC2 /* Debug */ = {
			isa = XCBuildConfiguration;
			buildSettings = {
				ALWAYS_SEARCH_USER_PATHS = NO;
				CLANG_ANALYZER_NONNULL = YES;
				CLANG_CXX_LANGUAGE_STANDARD = "gnu++0x";
				CLANG_CXX_LIBRARY = "libc++";
				CLANG_ENABLE_MODULES = YES;
				CLANG_ENABLE_OBJC_ARC = YES;
				CLANG_WARN_BOOL_CONVERSION = YES;
				CLANG_WARN_CONSTANT_CONVERSION = YES;
				CLANG_WARN_DIRECT_OBJC_ISA_USAGE = YES_ERROR;
				CLANG_WARN_EMPTY_BODY = YES;
				CLANG_WARN_ENUM_CONVERSION = YES;
				CLANG_WARN_INT_CONVERSION = YES;
				CLANG_WARN_OBJC_ROOT_CLASS = YES_ERROR;
				CLANG_WARN_UNREACHABLE_CODE = YES;
				CLANG_WARN__DUPLICATE_METHOD_MATCH = YES;
				"CODE_SIGN_IDENTITY[sdk=iphoneos*]" = "iPhone Developer";
				COPY_PHASE_STRIP = NO;
				DEBUG_INFORMATION_FORMAT = dwarf;
				ENABLE_STRICT_OBJC_MSGSEND = YES;
				ENABLE_TESTABILITY = YES;
				GCC_C_LANGUAGE_STANDARD = gnu99;
				GCC_DYNAMIC_NO_PIC = NO;
				GCC_NO_COMMON_BLOCKS = YES;
				GCC_OPTIMIZATION_LEVEL = 0;
				GCC_PRECOMPILE_PREFIX_HEADER = YES;
				GCC_PREFIX_HEADER = "$(SRCROOT)/$(PROJECT_NAME)/prefix.pch";
				GCC_PREPROCESSOR_DEFINITIONS = (
					"DEBUG=1",
					"$(inherited)",
				);
				GCC_WARN_64_TO_32_BIT_CONVERSION = YES;
				GCC_WARN_ABOUT_RETURN_TYPE = YES_ERROR;
				GCC_WARN_UNDECLARED_SELECTOR = YES;
				GCC_WARN_UNINITIALIZED_AUTOS = YES_AGGRESSIVE;
				GCC_WARN_UNUSED_FUNCTION = YES;
				GCC_WARN_UNUSED_VARIABLE = YES;
				IPHONEOS_DEPLOYMENT_TARGET = 9.3;
				MTL_ENABLE_DEBUG_INFO = YES;
				ONLY_ACTIVE_ARCH = YES;
				SDKROOT = iphoneos;
			};
			name = Debug;
		};
		71EE74DC1DC0BA3C00B03AC2 /* Release */ = {
			isa = XCBuildConfiguration;
			buildSettings = {
				ALWAYS_SEARCH_USER_PATHS = NO;
				CLANG_ANALYZER_NONNULL = YES;
				CLANG_CXX_LANGUAGE_STANDARD = "gnu++0x";
				CLANG_CXX_LIBRARY = "libc++";
				CLANG_ENABLE_MODULES = YES;
				CLANG_ENABLE_OBJC_ARC = YES;
				CLANG_WARN_BOOL_CONVERSION = YES;
				CLANG_WARN_CONSTANT_CONVERSION = YES;
				CLANG_WARN_DIRECT_OBJC_ISA_USAGE = YES_ERROR;
				CLANG_WARN_EMPTY_BODY = YES;
				CLANG_WARN_ENUM_CONVERSION = YES;
				CLANG_WARN_INT_CONVERSION = YES;
				CLANG_WARN_OBJC_ROOT_CLASS = YES_ERROR;
				CLANG_WARN_UNREACHABLE_CODE = YES;
				CLANG_WARN__DUPLICATE_METHOD_MATCH = YES;
				"CODE_SIGN_IDENTITY[sdk=iphoneos*]" = "iPhone Developer";
				COPY_PHASE_STRIP = NO;
				DEBUG_INFORMATION_FORMAT = "dwarf-with-dsym";
				ENABLE_NS_ASSERTIONS = NO;
				ENABLE_STRICT_OBJC_MSGSEND = YES;
				GCC_C_LANGUAGE_STANDARD = gnu99;
				GCC_NO_COMMON_BLOCKS = YES;
				GCC_PRECOMPILE_PREFIX_HEADER = YES;
				GCC_PREFIX_HEADER = "$(SRCROOT)/$(PROJECT_NAME)/prefix.pch";
				GCC_WARN_64_TO_32_BIT_CONVERSION = YES;
				GCC_WARN_ABOUT_RETURN_TYPE = YES_ERROR;
				GCC_WARN_UNDECLARED_SELECTOR = YES;
				GCC_WARN_UNINITIALIZED_AUTOS = YES_AGGRESSIVE;
				GCC_WARN_UNUSED_FUNCTION = YES;
				GCC_WARN_UNUSED_VARIABLE = YES;
				IPHONEOS_DEPLOYMENT_TARGET = 9.3;
				MTL_ENABLE_DEBUG_INFO = NO;
				SDKROOT = iphoneos;
				VALIDATE_PRODUCT = YES;
			};
			name = Release;
		};
		71EE74DE1DC0BA3C00B03AC2 /* Debug */ = {
			isa = XCBuildConfiguration;
			baseConfigurationReference = 3A6667BC133F9A9F879D61AC /* Pods-lTechApp.debug.xcconfig */;
			buildSettings = {
				ASSETCATALOG_COMPILER_APPICON_NAME = AppIcon;
				GCC_PRECOMPILE_PREFIX_HEADER = YES;
				GCC_PREFIX_HEADER = "$(SRCROOT)/$(PROJECT_NAME)/prefix.pch";
				INFOPLIST_FILE = lTechApp/Info.plist;
				LD_RUNPATH_SEARCH_PATHS = "$(inherited) @executable_path/Frameworks";
				PRODUCT_BUNDLE_IDENTIFIER = home.Necrosoft.lTechApp;
				PRODUCT_NAME = "$(TARGET_NAME)";
			};
			name = Debug;
		};
		71EE74DF1DC0BA3C00B03AC2 /* Release */ = {
			isa = XCBuildConfiguration;
			baseConfigurationReference = D3CABAAB038DD5C4BEBCCF67 /* Pods-lTechApp.release.xcconfig */;
			buildSettings = {
				ASSETCATALOG_COMPILER_APPICON_NAME = AppIcon;
				GCC_PRECOMPILE_PREFIX_HEADER = YES;
				GCC_PREFIX_HEADER = "$(SRCROOT)/$(PROJECT_NAME)/prefix.pch";
				INFOPLIST_FILE = lTechApp/Info.plist;
				LD_RUNPATH_SEARCH_PATHS = "$(inherited) @executable_path/Frameworks";
				PRODUCT_BUNDLE_IDENTIFIER = home.Necrosoft.lTechApp;
				PRODUCT_NAME = "$(TARGET_NAME)";
			};
			name = Release;
		};
/* End XCBuildConfiguration section */

/* Begin XCConfigurationList section */
		71EE74BE1DC0BA3B00B03AC2 /* Build configuration list for PBXProject "lTechApp" */ = {
			isa = XCConfigurationList;
			buildConfigurations = (
				71EE74DB1DC0BA3C00B03AC2 /* Debug */,
				71EE74DC1DC0BA3C00B03AC2 /* Release */,
			);
			defaultConfigurationIsVisible = 0;
			defaultConfigurationName = Release;
		};
		71EE74DD1DC0BA3C00B03AC2 /* Build configuration list for PBXNativeTarget "lTechApp" */ = {
			isa = XCConfigurationList;
			buildConfigurations = (
				71EE74DE1DC0BA3C00B03AC2 /* Debug */,
				71EE74DF1DC0BA3C00B03AC2 /* Release */,
			);
			defaultConfigurationIsVisible = 0;
			defaultConfigurationName = Release;
		};
/* End XCConfigurationList section */

/* Begin XCVersionGroup section */
		71EE74D21DC0BA3C00B03AC2 /* lTechApp.xcdatamodeld */ = {
			isa = XCVersionGroup;
			children = (
				71EE74D31DC0BA3C00B03AC2 /* lTechApp.xcdatamodel */,
			);
			currentVersion = 71EE74D31DC0BA3C00B03AC2 /* lTechApp.xcdatamodel */;
			path = lTechApp.xcdatamodeld;
			sourceTree = "<group>";
			versionGroupType = wrapper.xcdatamodel;
		};
/* End XCVersionGroup section */
	};
	rootObject = 71EE74BB1DC0BA3B00B03AC2 /* Project object */;
}
